
Microsoft Visual Studio Solution File, Format Version 12.00
Project("{2150E333-8FDC-42A3-9474-1A3956D46DE8}") = "src", "src", "{6770A62F-0578-466F-B28D-02768B810D7D}"
EndProject
Project("{2150E333-8FDC-42A3-9474-1A3956D46DE8}") = "test", "test", "{517CD0DD-133B-49AD-9AB4-DFAF4966A585}"
EndProject
Project("{FAE04EC0-301F-11D3-BF4B-00C04F79EFBC}") = "Domain", "src\Domain\Domain.csproj", "{DA8FB0DE-191A-4B2D-8829-0D2BE0E3048E}"
EndProject
Project("{FAE04EC0-301F-11D3-BF4B-00C04F79EFBC}") = "Application", "src\Application\Application.csproj", "{F288FA97-234F-403F-8236-30C045D7C621}"
EndProject
Project("{FAE04EC0-301F-11D3-BF4B-00C04F79EFBC}") = "Infrastructure", "src\Infrastructure\Infrastructure.csproj", "{47EE868B-FCDD-4CCD-B349-B792251C673B}"
EndProject
Project("{FAE04EC0-301F-11D3-BF4B-00C04F79EFBC}") = "Adapter.Data", "src\Adapter.Data\Adapter.Data.csproj", "{58B34678-23E7-4D13-A685-8E4368F1C65A}"
EndProject
Project("{FAE04EC0-301F-11D3-BF4B-00C04F79EFBC}") = "WebApp", "src\WebApp\WebApp.csproj", "{7A1B4F0D-999D-42C4-8CCD-B74C918E44E5}"
EndProject
Project("{FAE04EC0-301F-11D3-BF4B-00C04F79EFBC}") = "Adapter.Sms", "src\Adapter.Sms\Adapter.Sms.csproj", "{D999A7C8-CF74-45AF-AEB7-B83F1A4BECD5}"
EndProject
Project("{FAE04EC0-301F-11D3-BF4B-00C04F79EFBC}") = "Application.IntegrationTests", "test\Application.IntegrationTests\Application.IntegrationTests.csproj", "{A8C3D6B6-1A00-40A6-8EC7-E559EA289E82}"
EndProject
Project("{FAE04EC0-301F-11D3-BF4B-00C04F79EFBC}") = "Domain.AutoFixture", "test\Domain.AutoFixture\Domain.AutoFixture.csproj", "{F2FD9204-8376-40BE-94AA-45A02F42A84D}"
EndProject
Project("{FAE04EC0-301F-11D3-BF4B-00C04F79EFBC}") = "Application.UnitTests", "test\Application.UnitTests\Application.UnitTests.csproj", "{DFE3BC50-53D5-4B0C-81F9-1AD4DD47640D}"
EndProject
Global
	GlobalSection(SolutionConfigurationPlatforms) = preSolution
		Debug|Any CPU = Debug|Any CPU
		Release|Any CPU = Release|Any CPU
	EndGlobalSection
	GlobalSection(NestedProjects) = preSolution
		{DA8FB0DE-191A-4B2D-8829-0D2BE0E3048E} = {6770A62F-0578-466F-B28D-02768B810D7D}
		{F288FA97-234F-403F-8236-30C045D7C621} = {6770A62F-0578-466F-B28D-02768B810D7D}
		{47EE868B-FCDD-4CCD-B349-B792251C673B} = {6770A62F-0578-466F-B28D-02768B810D7D}
		{58B34678-23E7-4D13-A685-8E4368F1C65A} = {6770A62F-0578-466F-B28D-02768B810D7D}
		{7A1B4F0D-999D-42C4-8CCD-B74C918E44E5} = {6770A62F-0578-466F-B28D-02768B810D7D}
		{D999A7C8-CF74-45AF-AEB7-B83F1A4BECD5} = {6770A62F-0578-466F-B28D-02768B810D7D}
		{A8C3D6B6-1A00-40A6-8EC7-E559EA289E82} = {517CD0DD-133B-49AD-9AB4-DFAF4966A585}
		{F2FD9204-8376-40BE-94AA-45A02F42A84D} = {517CD0DD-133B-49AD-9AB4-DFAF4966A585}
		{DFE3BC50-53D5-4B0C-81F9-1AD4DD47640D} = {517CD0DD-133B-49AD-9AB4-DFAF4966A585}
	EndGlobalSection
	GlobalSection(ProjectConfigurationPlatforms) = postSolution
		{DA8FB0DE-191A-4B2D-8829-0D2BE0E3048E}.Debug|Any CPU.ActiveCfg = Debug|Any CPU
		{DA8FB0DE-191A-4B2D-8829-0D2BE0E3048E}.Debug|Any CPU.Build.0 = Debug|Any CPU
		{DA8FB0DE-191A-4B2D-8829-0D2BE0E3048E}.Release|Any CPU.ActiveCfg = Release|Any CPU
		{DA8FB0DE-191A-4B2D-8829-0D2BE0E3048E}.Release|Any CPU.Build.0 = Release|Any CPU
		{F288FA97-234F-403F-8236-30C045D7C621}.Debug|Any CPU.ActiveCfg = Debug|Any CPU
		{F288FA97-234F-403F-8236-30C045D7C621}.Debug|Any CPU.Build.0 = Debug|Any CPU
		{F288FA97-234F-403F-8236-30C045D7C621}.Release|Any CPU.ActiveCfg = Release|Any CPU
		{F288FA97-234F-403F-8236-30C045D7C621}.Release|Any CPU.Build.0 = Release|Any CPU
		{47EE868B-FCDD-4CCD-B349-B792251C673B}.Debug|Any CPU.ActiveCfg = Debug|Any CPU
		{47EE868B-FCDD-4CCD-B349-B792251C673B}.Debug|Any CPU.Build.0 = Debug|Any CPU
		{47EE868B-FCDD-4CCD-B349-B792251C673B}.Release|Any CPU.ActiveCfg = Release|Any CPU
		{47EE868B-FCDD-4CCD-B349-B792251C673B}.Release|Any CPU.Build.0 = Release|Any CPU
		{58B34678-23E7-4D13-A685-8E4368F1C65A}.Debug|Any CPU.ActiveCfg = Debug|Any CPU
		{58B34678-23E7-4D13-A685-8E4368F1C65A}.Debug|Any CPU.Build.0 = Debug|Any CPU
		{58B34678-23E7-4D13-A685-8E4368F1C65A}.Release|Any CPU.ActiveCfg = Release|Any CPU
		{58B34678-23E7-4D13-A685-8E4368F1C65A}.Release|Any CPU.Build.0 = Release|Any CPU
		{7A1B4F0D-999D-42C4-8CCD-B74C918E44E5}.Debug|Any CPU.ActiveCfg = Debug|Any CPU
		{7A1B4F0D-999D-42C4-8CCD-B74C918E44E5}.Debug|Any CPU.Build.0 = Debug|Any CPU
		{7A1B4F0D-999D-42C4-8CCD-B74C918E44E5}.Release|Any CPU.ActiveCfg = Release|Any CPU
		{7A1B4F0D-999D-42C4-8CCD-B74C918E44E5}.Release|Any CPU.Build.0 = Release|Any CPU
		{D999A7C8-CF74-45AF-AEB7-B83F1A4BECD5}.Debug|Any CPU.ActiveCfg = Debug|Any CPU
		{D999A7C8-CF74-45AF-AEB7-B83F1A4BECD5}.Debug|Any CPU.Build.0 = Debug|Any CPU
		{D999A7C8-CF74-45AF-AEB7-B83F1A4BECD5}.Release|Any CPU.ActiveCfg = Release|Any CPU
		{D999A7C8-CF74-45AF-AEB7-B83F1A4BECD5}.Release|Any CPU.Build.0 = Release|Any CPU
		{A8C3D6B6-1A00-40A6-8EC7-E559EA289E82}.Debug|Any CPU.ActiveCfg = Debug|Any CPU
		{A8C3D6B6-1A00-40A6-8EC7-E559EA289E82}.Debug|Any CPU.Build.0 = Debug|Any CPU
		{A8C3D6B6-1A00-40A6-8EC7-E559EA289E82}.Release|Any CPU.ActiveCfg = Release|Any CPU
		{A8C3D6B6-1A00-40A6-8EC7-E559EA289E82}.Release|Any CPU.Build.0 = Release|Any CPU
		{F2FD9204-8376-40BE-94AA-45A02F42A84D}.Debug|Any CPU.ActiveCfg = Debug|Any CPU
		{F2FD9204-8376-40BE-94AA-45A02F42A84D}.Debug|Any CPU.Build.0 = Debug|Any CPU
		{F2FD9204-8376-40BE-94AA-45A02F42A84D}.Release|Any CPU.ActiveCfg = Release|Any CPU
		{F2FD9204-8376-40BE-94AA-45A02F42A84D}.Release|Any CPU.Build.0 = Release|Any CPU
		{DFE3BC50-53D5-4B0C-81F9-1AD4DD47640D}.Debug|Any CPU.ActiveCfg = Debug|Any CPU
		{DFE3BC50-53D5-4B0C-81F9-1AD4DD47640D}.Debug|Any CPU.Build.0 = Debug|Any CPU
		{DFE3BC50-53D5-4B0C-81F9-1AD4DD47640D}.Release|Any CPU.ActiveCfg = Release|Any CPU
		{DFE3BC50-53D5-4B0C-81F9-1AD4DD47640D}.Release|Any CPU.Build.0 = Release|Any CPU
	EndGlobalSection
EndGlobal
